
Microsoft Visual Studio Solution File, Format Version 12.00
# Visual Studio Version 16
VisualStudioVersion = 16.0.29201.188
MinimumVisualStudioVersion = 10.0.40219.1
Project("{FAE04EC0-301F-11D3-BF4B-00C04F79EFBC}") = "demoApp", "demoApp\demoApp.csproj", "{82FD99A1-DBBA-4C09-AB51-C9B63E7A24EB}"
EndProject
Global
	GlobalSection(SolutionConfigurationPlatforms) = preSolution
		Debug|Any CPU = Debug|Any CPU
		Release|Any CPU = Release|Any CPU
	EndGlobalSection
	GlobalSection(ProjectConfigurationPlatforms) = postSolution
		{82FD99A1-DBBA-4C09-AB51-C9B63E7A24EB}.Debug|Any CPU.ActiveCfg = Debug|Any CPU
		{82FD99A1-DBBA-4C09-AB51-C9B63E7A24EB}.Debug|Any CPU.Build.0 = Debug|Any CPU
		{82FD99A1-DBBA-4C09-AB51-C9B63E7A24EB}.Release|Any CPU.ActiveCfg = Release|Any CPU
		{82FD99A1-DBBA-4C09-AB51-C9B63E7A24EB}.Release|Any CPU.Build.0 = Release|Any CPU
	EndGlobalSection
	GlobalSection(SolutionProperties) = preSolution
		HideSolutionNode = FALSE
	EndGlobalSection
	GlobalSection(ExtensibilityGlobals) = postSolution
		SolutionGuid = {19E1A387-2F93-44AD-AA05-BC06F3954605}
	EndGlobalSection
EndGlobal
